
Microsoft Visual Studio Solution File, Format Version 12.00
# Visual Studio Version 17
VisualStudioVersion = 17.9.34902.65
MinimumVisualStudioVersion = 10.0.40219.1
Project("{FAE04EC0-301F-11D3-BF4B-00C04F79EFBC}") = "hw8v1", "hw8v1\hw8v1.csproj", "{8D8062DC-6A53-4FDB-B7CC-A7F7FB889187}"
EndProject
Global
	GlobalSection(SolutionConfigurationPlatforms) = preSolution
		Debug|Any CPU = Debug|Any CPU
		Release|Any CPU = Release|Any CPU
	EndGlobalSection
	GlobalSection(ProjectConfigurationPlatforms) = postSolution
		{8D8062DC-6A53-4FDB-B7CC-A7F7FB889187}.Debug|Any CPU.ActiveCfg = Debug|Any CPU
		{8D8062DC-6A53-4FDB-B7CC-A7F7FB889187}.Debug|Any CPU.Build.0 = Debug|Any CPU
		{8D8062DC-6A53-4FDB-B7CC-A7F7FB889187}.Release|Any CPU.ActiveCfg = Release|Any CPU
		{8D8062DC-6A53-4FDB-B7CC-A7F7FB889187}.Release|Any CPU.Build.0 = Release|Any CPU
	EndGlobalSection
	GlobalSection(SolutionProperties) = preSolution
		HideSolutionNode = FALSE
	EndGlobalSection
	GlobalSection(ExtensibilityGlobals) = postSolution
		SolutionGuid = {E6C0B1BA-D0B6-46B6-A740-CC5CEDB730A5}
	EndGlobalSection
EndGlobal
