
Microsoft Visual Studio Solution File, Format Version 12.00
# Visual Studio Version 17
VisualStudioVersion = 17.9.34902.65
MinimumVisualStudioVersion = 10.0.40219.1
Project("{FAE04EC0-301F-11D3-BF4B-00C04F79EFBC}") = "Demo3LinkedList", "Demo3LinkedList\Demo3LinkedList.csproj", "{98A54AC4-BA4C-492E-99AE-2CF407FD6207}"
EndProject
Global
	GlobalSection(SolutionConfigurationPlatforms) = preSolution
		Debug|Any CPU = Debug|Any CPU
		Release|Any CPU = Release|Any CPU
	EndGlobalSection
	GlobalSection(ProjectConfigurationPlatforms) = postSolution
		{98A54AC4-BA4C-492E-99AE-2CF407FD6207}.Debug|Any CPU.ActiveCfg = Debug|Any CPU
		{98A54AC4-BA4C-492E-99AE-2CF407FD6207}.Debug|Any CPU.Build.0 = Debug|Any CPU
		{98A54AC4-BA4C-492E-99AE-2CF407FD6207}.Release|Any CPU.ActiveCfg = Release|Any CPU
		{98A54AC4-BA4C-492E-99AE-2CF407FD6207}.Release|Any CPU.Build.0 = Release|Any CPU
	EndGlobalSection
	GlobalSection(SolutionProperties) = preSolution
		HideSolutionNode = FALSE
	EndGlobalSection
	GlobalSection(ExtensibilityGlobals) = postSolution
		SolutionGuid = {27984E90-5DD4-42B2-8006-57AC294B0D96}
	EndGlobalSection
EndGlobal
