
Microsoft Visual Studio Solution File, Format Version 12.00
# Visual Studio Version 17
VisualStudioVersion = 17.9.34902.65
MinimumVisualStudioVersion = 10.0.40219.1
Project("{FAE04EC0-301F-11D3-BF4B-00C04F79EFBC}") = "HW5", "HW5\HW5.csproj", "{6206B739-DAAF-4C8C-B8BC-2683902336AE}"
EndProject
Global
	GlobalSection(SolutionConfigurationPlatforms) = preSolution
		Debug|Any CPU = Debug|Any CPU
		Release|Any CPU = Release|Any CPU
	EndGlobalSection
	GlobalSection(ProjectConfigurationPlatforms) = postSolution
		{6206B739-DAAF-4C8C-B8BC-2683902336AE}.Debug|Any CPU.ActiveCfg = Debug|Any CPU
		{6206B739-DAAF-4C8C-B8BC-2683902336AE}.Debug|Any CPU.Build.0 = Debug|Any CPU
		{6206B739-DAAF-4C8C-B8BC-2683902336AE}.Release|Any CPU.ActiveCfg = Release|Any CPU
		{6206B739-DAAF-4C8C-B8BC-2683902336AE}.Release|Any CPU.Build.0 = Release|Any CPU
	EndGlobalSection
	GlobalSection(SolutionProperties) = preSolution
		HideSolutionNode = FALSE
	EndGlobalSection
	GlobalSection(ExtensibilityGlobals) = postSolution
		SolutionGuid = {C336485A-5407-43A4-8EB7-9E3A32137F04}
	EndGlobalSection
EndGlobal
